
Microsoft Visual Studio Solution File, Format Version 12.00
# Visual Studio Version 17
VisualStudioVersion = 17.5.33424.131
MinimumVisualStudioVersion = 10.0.40219.1
Project("{9A19103F-16F7-4668-BE54-9A1E7A4F7556}") = "API", "API\API.csproj", "{7FDB4BA8-E393-45DE-826B-03717CB194A7}"
EndProject
Project("{2150E333-8FDC-42A3-9474-1A3956D46DE8}") = "Presentation", "Presentation", "{93C8E869-0229-4BA1-A89C-40A59F03A5FC}"
EndProject
Project("{2150E333-8FDC-42A3-9474-1A3956D46DE8}") = "Domain", "Domain", "{9EF660E6-1141-4333-B130-D212EE29E06E}"
EndProject
Project("{9A19103F-16F7-4668-BE54-9A1E7A4F7556}") = "Domain", "Domain\Domain.csproj", "{DA790D6B-D620-41BA-807E-D7AD2AFF350F}"
EndProject
Project("{2150E333-8FDC-42A3-9474-1A3956D46DE8}") = "Application", "Application", "{499BF2E8-B09D-4305-9EBF-5428A55EB254}"
EndProject
Project("{9A19103F-16F7-4668-BE54-9A1E7A4F7556}") = "Application", "Application\Application.csproj", "{2C74C2A0-1F45-452F-9331-9109DCF8AEEC}"
EndProject
Project("{2150E333-8FDC-42A3-9474-1A3956D46DE8}") = "Infrestructure", "Infrestructure", "{C4EFDD48-1804-49C7-B7E0-8A989BA24E52}"
EndProject
Project("{9A19103F-16F7-4668-BE54-9A1E7A4F7556}") = "Infrestructure", "Infrestructure\Infrestructure.csproj", "{23CD441D-0B7C-4AF1-9639-32D9CA602A4C}"
EndProject
Project("{2150E333-8FDC-42A3-9474-1A3956D46DE8}") = "Gateways", "Gateways", "{BAEDDF0F-6A4F-4EE4-B64D-2C9FFD10CD1C}"
EndProject
Project("{2150E333-8FDC-42A3-9474-1A3956D46DE8}") = "Repositories", "Repositories", "{263E4312-5497-4E07-B341-F4D25F51B336}"
EndProject
Project("{2150E333-8FDC-42A3-9474-1A3956D46DE8}") = "ORMServer", "ORMServer", "{4CC77D50-4AE8-40C9-B1C9-2C7AA8200BA5}"
EndProject
Project("{2150E333-8FDC-42A3-9474-1A3956D46DE8}") = "ORMMysql", "ORMMysql", "{427F40AD-CEC6-4759-A23D-9EEF2A6714F4}"
EndProject
Project("{2150E333-8FDC-42A3-9474-1A3956D46DE8}") = "Unit Test", "Unit Test", "{15E061BD-0BA8-41C0-B9A4-384C5899BE2A}"
EndProject
Project("{2150E333-8FDC-42A3-9474-1A3956D46DE8}") = "Framework", "Framework", "{A737D2E3-E7B4-43EE-8CC4-51B74901994B}"
EndProject
Project("{2150E333-8FDC-42A3-9474-1A3956D46DE8}") = "Unit", "Unit", "{0A849DF6-40EC-418C-BDE2-C7ADD3BCAB4D}"
EndProject
Project("{2150E333-8FDC-42A3-9474-1A3956D46DE8}") = "Interfaces", "Interfaces", "{8B04BBBC-A07C-44DF-9E85-8BB41CB2496C}"
EndProject
Project("{9A19103F-16F7-4668-BE54-9A1E7A4F7556}") = "Unit", "Unit\Unit.csproj", "{F083EE22-2DC5-4D9C-898A-43307226F793}"
EndProject
Global
	GlobalSection(SolutionConfigurationPlatforms) = preSolution
		Debug|Any CPU = Debug|Any CPU
		Release|Any CPU = Release|Any CPU
	EndGlobalSection
	GlobalSection(ProjectConfigurationPlatforms) = postSolution
		{7FDB4BA8-E393-45DE-826B-03717CB194A7}.Debug|Any CPU.ActiveCfg = Debug|Any CPU
		{7FDB4BA8-E393-45DE-826B-03717CB194A7}.Debug|Any CPU.Build.0 = Debug|Any CPU
		{7FDB4BA8-E393-45DE-826B-03717CB194A7}.Release|Any CPU.ActiveCfg = Release|Any CPU
		{7FDB4BA8-E393-45DE-826B-03717CB194A7}.Release|Any CPU.Build.0 = Release|Any CPU
		{DA790D6B-D620-41BA-807E-D7AD2AFF350F}.Debug|Any CPU.ActiveCfg = Debug|Any CPU
		{DA790D6B-D620-41BA-807E-D7AD2AFF350F}.Debug|Any CPU.Build.0 = Debug|Any CPU
		{DA790D6B-D620-41BA-807E-D7AD2AFF350F}.Release|Any CPU.ActiveCfg = Release|Any CPU
		{DA790D6B-D620-41BA-807E-D7AD2AFF350F}.Release|Any CPU.Build.0 = Release|Any CPU
		{2C74C2A0-1F45-452F-9331-9109DCF8AEEC}.Debug|Any CPU.ActiveCfg = Debug|Any CPU
		{2C74C2A0-1F45-452F-9331-9109DCF8AEEC}.Debug|Any CPU.Build.0 = Debug|Any CPU
		{2C74C2A0-1F45-452F-9331-9109DCF8AEEC}.Release|Any CPU.ActiveCfg = Release|Any CPU
		{2C74C2A0-1F45-452F-9331-9109DCF8AEEC}.Release|Any CPU.Build.0 = Release|Any CPU
		{23CD441D-0B7C-4AF1-9639-32D9CA602A4C}.Debug|Any CPU.ActiveCfg = Debug|Any CPU
		{23CD441D-0B7C-4AF1-9639-32D9CA602A4C}.Debug|Any CPU.Build.0 = Debug|Any CPU
		{23CD441D-0B7C-4AF1-9639-32D9CA602A4C}.Release|Any CPU.ActiveCfg = Release|Any CPU
		{23CD441D-0B7C-4AF1-9639-32D9CA602A4C}.Release|Any CPU.Build.0 = Release|Any CPU
		{F083EE22-2DC5-4D9C-898A-43307226F793}.Debug|Any CPU.ActiveCfg = Debug|Any CPU
		{F083EE22-2DC5-4D9C-898A-43307226F793}.Debug|Any CPU.Build.0 = Debug|Any CPU
		{F083EE22-2DC5-4D9C-898A-43307226F793}.Release|Any CPU.ActiveCfg = Release|Any CPU
		{F083EE22-2DC5-4D9C-898A-43307226F793}.Release|Any CPU.Build.0 = Release|Any CPU
	EndGlobalSection
	GlobalSection(SolutionProperties) = preSolution
		HideSolutionNode = FALSE
	EndGlobalSection
	GlobalSection(NestedProjects) = preSolution
		{7FDB4BA8-E393-45DE-826B-03717CB194A7} = {93C8E869-0229-4BA1-A89C-40A59F03A5FC}
		{DA790D6B-D620-41BA-807E-D7AD2AFF350F} = {9EF660E6-1141-4333-B130-D212EE29E06E}
		{2C74C2A0-1F45-452F-9331-9109DCF8AEEC} = {499BF2E8-B09D-4305-9EBF-5428A55EB254}
		{23CD441D-0B7C-4AF1-9639-32D9CA602A4C} = {4CC77D50-4AE8-40C9-B1C9-2C7AA8200BA5}
		{BAEDDF0F-6A4F-4EE4-B64D-2C9FFD10CD1C} = {C4EFDD48-1804-49C7-B7E0-8A989BA24E52}
		{263E4312-5497-4E07-B341-F4D25F51B336} = {BAEDDF0F-6A4F-4EE4-B64D-2C9FFD10CD1C}
		{4CC77D50-4AE8-40C9-B1C9-2C7AA8200BA5} = {263E4312-5497-4E07-B341-F4D25F51B336}
		{427F40AD-CEC6-4759-A23D-9EEF2A6714F4} = {263E4312-5497-4E07-B341-F4D25F51B336}
		{A737D2E3-E7B4-43EE-8CC4-51B74901994B} = {15E061BD-0BA8-41C0-B9A4-384C5899BE2A}
		{0A849DF6-40EC-418C-BDE2-C7ADD3BCAB4D} = {A737D2E3-E7B4-43EE-8CC4-51B74901994B}
		{8B04BBBC-A07C-44DF-9E85-8BB41CB2496C} = {9EF660E6-1141-4333-B130-D212EE29E06E}
		{F083EE22-2DC5-4D9C-898A-43307226F793} = {0A849DF6-40EC-418C-BDE2-C7ADD3BCAB4D}
	EndGlobalSection
	GlobalSection(ExtensibilityGlobals) = postSolution
		SolutionGuid = {E2633E8D-A1F7-45C4-BE67-C75EFF9A3659}
	EndGlobalSection
EndGlobal
